
Microsoft Visual Studio Solution File, Format Version 12.00
# Visual Studio 15
VisualStudioVersion = 15.0.28010.2036
MinimumVisualStudioVersion = 10.0.40219.1
Project("{FAE04EC0-301F-11D3-BF4B-00C04F79EFBC}") = "5400BomNumberMaker", "ConsoleApp1\5400BomNumberMaker.csproj", "{B1B7703D-05FC-4B17-8DFE-0141D5CFB3BC}"
EndProject
Global
	GlobalSection(SolutionConfigurationPlatforms) = preSolution
		Debug|Any CPU = Debug|Any CPU
		Release|Any CPU = Release|Any CPU
	EndGlobalSection
	GlobalSection(ProjectConfigurationPlatforms) = postSolution
		{B1B7703D-05FC-4B17-8DFE-0141D5CFB3BC}.Debug|Any CPU.ActiveCfg = Debug|Any CPU
		{B1B7703D-05FC-4B17-8DFE-0141D5CFB3BC}.Debug|Any CPU.Build.0 = Debug|Any CPU
		{B1B7703D-05FC-4B17-8DFE-0141D5CFB3BC}.Release|Any CPU.ActiveCfg = Release|Any CPU
		{B1B7703D-05FC-4B17-8DFE-0141D5CFB3BC}.Release|Any CPU.Build.0 = Release|Any CPU
	EndGlobalSection
	GlobalSection(SolutionProperties) = preSolution
		HideSolutionNode = FALSE
	EndGlobalSection
	GlobalSection(ExtensibilityGlobals) = postSolution
		SolutionGuid = {3E9F6DB2-302B-4A94-9C77-3AF99B38B03E}
	EndGlobalSection
EndGlobal
